// !$*UTF8*$!
{
	archiveVersion = 1;
	classes = {
	};
	objectVersion = 46;
	objects = {

/* Begin PBXBuildFile section */
		F1B183F71EDA77760068F783 /* AppDelegate.swift in Sources */ = {isa = PBXBuildFile; fileRef = F1B183F61EDA77760068F783 /* AppDelegate.swift */; };
		F1B183F91EDA77760068F783 /* ViewController.swift in Sources */ = {isa = PBXBuildFile; fileRef = F1B183F81EDA77760068F783 /* ViewController.swift */; };
		F1B183FB1EDA77760068F783 /* Assets.xcassets in Resources */ = {isa = PBXBuildFile; fileRef = F1B183FA1EDA77760068F783 /* Assets.xcassets */; };
		F1B183FE1EDA77760068F783 /* Main.storyboard in Resources */ = {isa = PBXBuildFile; fileRef = F1B183FC1EDA77760068F783 /* Main.storyboard */; };
/* End PBXBuildFile section */

/* Begin PBXFileReference section */
		F1B183F31EDA77760068F783 /* cryptoBar.app */ = {isa = PBXFileReference; explicitFileType = wrapper.application; includeInIndex = 0; path = cryptoBar.app; sourceTree = BUILT_PRODUCTS_DIR; };
		F1B183F61EDA77760068F783 /* AppDelegate.swift */ = {isa = PBXFileReference; lastKnownFileType = sourcecode.swift; path = AppDelegate.swift; sourceTree = "<group>"; };
		F1B183F81EDA77760068F783 /* ViewController.swift */ = {isa = PBXFileReference; lastKnownFileType = sourcecode.swift; path = ViewController.swift; sourceTree = "<group>"; };
		F1B183FA1EDA77760068F783 /* Assets.xcassets */ = {isa = PBXFileReference; lastKnownFileType = folder.assetcatalog; path = Assets.xcassets; sourceTree = "<group>"; };
		F1B183FD1EDA77760068F783 /* Base */ = {isa = PBXFileReference; lastKnownFileType = file.storyboard; name = Base; path = Base.lproj/Main.storyboard; sourceTree = "<group>"; };
		F1B183FF1EDA77760068F783 /* Info.plist */ = {isa = PBXFileReference; lastKnownFileType = text.plist.xml; path = Info.plist; sourceTree = "<group>"; };
/* End PBXFileReference section */

/* Begin PBXFrameworksBuildPhase section */
		F1B183F01EDA77760068F783 /* Frameworks */ = {
			isa = PBXFrameworksBuildPhase;
			buildActionMask = 2147483647;
			files = (
			);
			runOnlyForDeploymentPostprocessing = 0;
		};
/* End PBXFrameworksBuildPhase section */

/* Begin PBXGroup section */
		F1B183EA1EDA77760068F783 = {
			isa = PBXGroup;
			children = (
				F1B183F51EDA77760068F783 /* cryptoBar */,
				F1B183F41EDA77760068F783 /* Products */,
			);
			sourceTree = "<group>";
		};
		F1B183F41EDA77760068F783 /* Products */ = {
			isa = PBXGroup;
			children = (
				F1B183F31EDA77760068F783 /* cryptoBar.app */,
			);
			name = Products;
			sourceTree = "<group>";
		};
		F1B183F51EDA77760068F783 /* cryptoBar */ = {
			isa = PBXGroup;
			children = (
				F1B183F61EDA77760068F783 /* AppDelegate.swift */,
				F1B183F81EDA77760068F783 /* ViewController.swift */,
				F1B183FA1EDA77760068F783 /* Assets.xcassets */,
				F1B183FC1EDA77760068F783 /* Main.storyboard */,
				F1B183FF1EDA77760068F783 /* Info.plist */,
			);
			path = cryptoBar;
			sourceTree = "<group>";
		};
/* End PBXGroup section */

/* Begin PBXNativeTarget section */
		F1B183F21EDA77760068F783 /* cryptoBar */ = {
			isa = PBXNativeTarget;
			buildConfigurationList = F1B184021EDA77760068F783 /* Build configuration list for PBXNativeTarget "cryptoBar" */;
			buildPhases = (
				F1B183EF1EDA77760068F783 /* Sources */,
				F1B183F01EDA77760068F783 /* Frameworks */,
				F1B183F11EDA77760068F783 /* Resources */,
			);
			buildRules = (
			);
			dependencies = (
			);
			name = cryptoBar;
			productName = cryptoBar;
			productReference = F1B183F31EDA77760068F783 /* cryptoBar.app */;
			productType = "com.apple.product-type.application";
		};
/* End PBXNativeTarget section */

/* Begin PBXProject section */
		F1B183EB1EDA77760068F783 /* Project object */ = {
			isa = PBXProject;
			attributes = {
				LastSwiftUpdateCheck = 0830;
				LastUpgradeCheck = 0830;
				ORGANIZATIONNAME = "Fabio Sato Suenaga";
				TargetAttributes = {
					F1B183F21EDA77760068F783 = {
						CreatedOnToolsVersion = 8.3.2;
						DevelopmentTeam = BB769DK9UP;
						ProvisioningStyle = Automatic;
					};
				};
			};
			buildConfigurationList = F1B183EE1EDA77760068F783 /* Build configuration list for PBXProject "cryptoBar" */;
			compatibilityVersion = "Xcode 3.2";
			developmentRegion = English;
			hasScannedForEncodings = 0;
			knownRegions = (
				en,
				Base,
			);
			mainGroup = F1B183EA1EDA77760068F783;
			productRefGroup = F1B183F41EDA77760068F783 /* Products */;
			projectDirPath = "";
			projectRoot = "";
			targets = (
				F1B183F21EDA77760068F783 /* cryptoBar */,
			);
		};
/* End PBXProject section */

/* Begin PBXResourcesBuildPhase section */
		F1B183F11EDA77760068F783 /* Resources */ = {
			isa = PBXResourcesBuildPhase;
			buildActionMask = 2147483647;
			files = (
				F1B183FB1EDA77760068F783 /* Assets.xcassets in Resources */,
				F1B183FE1EDA77760068F783 /* Main.storyboard in Resources */,
			);
			runOnlyForDeploymentPostprocessing = 0;
		};
/* End PBXResourcesBuildPhase section */

/* Begin PBXSourcesBuildPhase section */
		F1B183EF1EDA77760068F783 /* Sources */ = {
			isa = PBXSourcesBuildPhase;
			buildActionMask = 2147483647;
			files = (
				F1B183F91EDA77760068F783 /* ViewController.swift in Sources */,
				F1B183F71EDA77760068F783 /* AppDelegate.swift in Sources */,
			);
			runOnlyForDeploymentPostprocessing = 0;
		};
/* End PBXSourcesBuildPhase section */

/* Begin PBXVariantGroup section */
		F1B183FC1EDA77760068F783 /* Main.storyboard */ = {
			isa = PBXVariantGroup;
			children = (
				F1B183FD1EDA77760068F783 /* Base */,
			);
			name = Main.storyboard;
			sourceTree = "<group>";
		};
/* End PBXVariantGroup section */

/* Begin XCBuildConfiguration section */
		F1B184001EDA77760068F783 /* Debug */ = {
			isa = XCBuildConfiguration;
			buildSettings = {
				ALWAYS_SEARCH_USER_PATHS = NO;
				CLANG_ANALYZER_NONNULL = YES;
				CLANG_ANALYZER_NUMBER_OBJECT_CONVERSION = YES_AGGRESSIVE;
				CLANG_CXX_LANGUAGE_STANDARD = "gnu++0x";
				CLANG_CXX_LIBRARY = "libc++";
				CLANG_ENABLE_MODULES = YES;
				CLANG_ENABLE_OBJC_ARC = YES;
				CLANG_WARN_BOOL_CONVERSION = YES;
				CLANG_WARN_CONSTANT_CONVERSION = YES;
				CLANG_WARN_DIRECT_OBJC_ISA_USAGE = YES_ERROR;
				CLANG_WARN_DOCUMENTATION_COMMENTS = YES;
				CLANG_WARN_EMPTY_BODY = YES;
				CLANG_WARN_ENUM_CONVERSION = YES;
				CLANG_WARN_INFINITE_RECURSION = YES;
				CLANG_WARN_INT_CONVERSION = YES;
				CLANG_WARN_OBJC_ROOT_CLASS = YES_ERROR;
				CLANG_WARN_SUSPICIOUS_MOVE = YES;
				CLANG_WARN_UNREACHABLE_CODE = YES;
				CLANG_WARN__DUPLICATE_METHOD_MATCH = YES;
				CODE_SIGN_IDENTITY = "-";
				COPY_PHASE_STRIP = NO;
				DEBUG_INFORMATION_FORMAT = dwarf;
				ENABLE_STRICT_OBJC_MSGSEND = YES;
				ENABLE_TESTABILITY = YES;
				GCC_C_LANGUAGE_STANDARD = gnu99;
				GCC_DYNAMIC_NO_PIC = NO;
				GCC_NO_COMMON_BLOCKS = YES;
				GCC_OPTIMIZATION_LEVEL = 0;
				GCC_PREPROCESSOR_DEFINITIONS = (
					"DEBUG=1",
					"$(inherited)",
				);
				GCC_WARN_64_TO_32_BIT_CONVERSION = YES;
				GCC_WARN_ABOUT_RETURN_TYPE = YES_ERROR;
				GCC_WARN_UNDECLARED_SELECTOR = YES;
				GCC_WARN_UNINITIALIZED_AUTOS = YES_AGGRESSIVE;
				GCC_WARN_UNUSED_FUNCTION = YES;
				GCC_WARN_UNUSED_VARIABLE = YES;
				MACOSX_DEPLOYMENT_TARGET = 10.12;
				MTL_ENABLE_DEBUG_INFO = YES;
				ONLY_ACTIVE_ARCH = YES;
				SDKROOT = macosx;
				SWIFT_ACTIVE_COMPILATION_CONDITIONS = DEBUG;
				SWIFT_OPTIMIZATION_LEVEL = "-Onone";
			};
			name = Debug;
		};
		F1B184011EDA77760068F783 /* Release */ = {
			isa = XCBuildConfiguration;
			buildSettings = {
				ALWAYS_SEARCH_USER_PATHS = NO;
				CLANG_ANALYZER_NONNULL = YES;
				CLANG_ANALYZER_NUMBER_OBJECT_CONVERSION = YES_AGGRESSIVE;
				CLANG_CXX_LANGUAGE_STANDARD = "gnu++0x";
				CLANG_CXX_LIBRARY = "libc++";
				CLANG_ENABLE_MODULES = YES;
				CLANG_ENABLE_OBJC_ARC = YES;
				CLANG_WARN_BOOL_CONVERSION = YES;
				CLANG_WARN_CONSTANT_CONVERSION = YES;
				CLANG_WARN_DIRECT_OBJC_ISA_USAGE = YES_ERROR;
				CLANG_WARN_DOCUMENTATION_COMMENTS = YES;
				CLANG_WARN_EMPTY_BODY = YES;
				CLANG_WARN_ENUM_CONVERSION = YES;
				CLANG_WARN_INFINITE_RECURSION = YES;
				CLANG_WARN_INT_CONVERSION = YES;
				CLANG_WARN_OBJC_ROOT_CLASS = YES_ERROR;
				CLANG_WARN_SUSPICIOUS_MOVE = YES;
				CLANG_WARN_UNREACHABLE_CODE = YES;
				CLANG_WARN__DUPLICATE_METHOD_MATCH = YES;
				CODE_SIGN_IDENTITY = "-";
				COPY_PHASE_STRIP = NO;
				DEBUG_INFORMATION_FORMAT = "dwarf-with-dsym";
				ENABLE_NS_ASSERTIONS = NO;
				ENABLE_STRICT_OBJC_MSGSEND = YES;
				GCC_C_LANGUAGE_STANDARD = gnu99;
				GCC_NO_COMMON_BLOCKS = YES;
				GCC_WARN_64_TO_32_BIT_CONVERSION = YES;
				GCC_WARN_ABOUT_RETURN_TYPE = YES_ERROR;
				GCC_WARN_UNDECLARED_SELECTOR = YES;
				GCC_WARN_UNINITIALIZED_AUTOS = YES_AGGRESSIVE;
				GCC_WARN_UNUSED_FUNCTION = YES;
				GCC_WARN_UNUSED_VARIABLE = YES;
				MACOSX_DEPLOYMENT_TARGET = 10.12;
				MTL_ENABLE_DEBUG_INFO = NO;
				SDKROOT = macosx;
				SWIFT_OPTIMIZATION_LEVEL = "-Owholemodule";
			};
			name = Release;
		};
		F1B184031EDA77760068F783 /* Debug */ = {
			isa = XCBuildConfiguration;
			buildSettings = {
				ASSETCATALOG_COMPILER_APPICON_NAME = AppIcon;
				COMBINE_HIDPI_IMAGES = YES;
				DEVELOPMENT_TEAM = BB769DK9UP;
				INFOPLIST_FILE = cryptoBar/Info.plist;
				LD_RUNPATH_SEARCH_PATHS = "$(inherited) @executable_path/../Frameworks";
				PRODUCT_BUNDLE_IDENTIFIER = personal.cryptoBar;
				PRODUCT_NAME = "$(TARGET_NAME)";
				SWIFT_VERSION = 3.0;
			};
			name = Debug;
		};
		F1B184041EDA77760068F783 /* Release */ = {
			isa = XCBuildConfiguration;
			buildSettings = {
				ASSETCATALOG_COMPILER_APPICON_NAME = AppIcon;
				COMBINE_HIDPI_IMAGES = YES;
				DEVELOPMENT_TEAM = BB769DK9UP;
				INFOPLIST_FILE = cryptoBar/Info.plist;
				LD_RUNPATH_SEARCH_PATHS = "$(inherited) @executable_path/../Frameworks";
				PRODUCT_BUNDLE_IDENTIFIER = personal.cryptoBar;
				PRODUCT_NAME = "$(TARGET_NAME)";
				SWIFT_VERSION = 3.0;
			};
			name = Release;
		};
/* End XCBuildConfiguration section */

/* Begin XCConfigurationList section */
		F1B183EE1EDA77760068F783 /* Build configuration list for PBXProject "cryptoBar" */ = {
			isa = XCConfigurationList;
			buildConfigurations = (
				F1B184001EDA77760068F783 /* Debug */,
				F1B184011EDA77760068F783 /* Release */,
			);
			defaultConfigurationIsVisible = 0;
			defaultConfigurationName = Release;
		};
		F1B184021EDA77760068F783 /* Build configuration list for PBXNativeTarget "cryptoBar" */ = {
			isa = XCConfigurationList;
			buildConfigurations = (
				F1B184031EDA77760068F783 /* Debug */,
				F1B184041EDA77760068F783 /* Release */,
			);
			defaultConfigurationIsVisible = 0;
		};
/* End XCConfigurationList section */
	};
	rootObject = F1B183EB1EDA77760068F783 /* Project object */;
}
